
Microsoft Visual Studio Solution File, Format Version 12.00
# Visual Studio Version 17
VisualStudioVersion = 17.1.32210.238
MinimumVisualStudioVersion = 10.0.40219.1
Project("{FAE04EC0-301F-11D3-BF4B-00C04F79EFBC}") = "Ejercicio3_Rosaysela_Diaz_20191005714", "Ejercicio3_Rosaysela_Diaz_20191005714\Ejercicio3_Rosaysela_Diaz_20191005714.csproj", "{32DD26FF-4BCB-4E33-A6EE-12A29C73D32E}"
EndProject
Project("{FAE04EC0-301F-11D3-BF4B-00C04F79EFBC}") = "conexion", "conexion\conexion.csproj", "{51F1892F-0C52-43CE-896E-47A0CC7DF0E1}"
EndProject
Global
	GlobalSection(SolutionConfigurationPlatforms) = preSolution
		Debug|Any CPU = Debug|Any CPU
		Release|Any CPU = Release|Any CPU
	EndGlobalSection
	GlobalSection(ProjectConfigurationPlatforms) = postSolution
		{32DD26FF-4BCB-4E33-A6EE-12A29C73D32E}.Debug|Any CPU.ActiveCfg = Debug|Any CPU
		{32DD26FF-4BCB-4E33-A6EE-12A29C73D32E}.Debug|Any CPU.Build.0 = Debug|Any CPU
		{32DD26FF-4BCB-4E33-A6EE-12A29C73D32E}.Release|Any CPU.ActiveCfg = Release|Any CPU
		{32DD26FF-4BCB-4E33-A6EE-12A29C73D32E}.Release|Any CPU.Build.0 = Release|Any CPU
		{51F1892F-0C52-43CE-896E-47A0CC7DF0E1}.Debug|Any CPU.ActiveCfg = Debug|Any CPU
		{51F1892F-0C52-43CE-896E-47A0CC7DF0E1}.Debug|Any CPU.Build.0 = Debug|Any CPU
		{51F1892F-0C52-43CE-896E-47A0CC7DF0E1}.Release|Any CPU.ActiveCfg = Release|Any CPU
		{51F1892F-0C52-43CE-896E-47A0CC7DF0E1}.Release|Any CPU.Build.0 = Release|Any CPU
	EndGlobalSection
	GlobalSection(SolutionProperties) = preSolution
		HideSolutionNode = FALSE
	EndGlobalSection
	GlobalSection(ExtensibilityGlobals) = postSolution
		SolutionGuid = {CFE10C9B-7EC2-464B-8323-0BF9EC3FC2A4}
	EndGlobalSection
EndGlobal
